
Microsoft Visual Studio Solution File, Format Version 12.00
# Visual Studio Version 16
VisualStudioVersion = 16.0.29609.76
MinimumVisualStudioVersion = 10.0.40219.1
Project("{FAE04EC0-301F-11D3-BF4B-00C04F79EFBC}") = "Shop", "Shop\Shop.csproj", "{1E8B2206-357D-4E79-9B75-26E966C1436F}"
EndProject
Global
	GlobalSection(SolutionConfigurationPlatforms) = preSolution
		Debug|Any CPU = Debug|Any CPU
		Release|Any CPU = Release|Any CPU
	EndGlobalSection
	GlobalSection(ProjectConfigurationPlatforms) = postSolution
		{1E8B2206-357D-4E79-9B75-26E966C1436F}.Debug|Any CPU.ActiveCfg = Debug|Any CPU
		{1E8B2206-357D-4E79-9B75-26E966C1436F}.Debug|Any CPU.Build.0 = Debug|Any CPU
		{1E8B2206-357D-4E79-9B75-26E966C1436F}.Release|Any CPU.ActiveCfg = Release|Any CPU
		{1E8B2206-357D-4E79-9B75-26E966C1436F}.Release|Any CPU.Build.0 = Release|Any CPU
	EndGlobalSection
	GlobalSection(SolutionProperties) = preSolution
		HideSolutionNode = FALSE
	EndGlobalSection
	GlobalSection(ExtensibilityGlobals) = postSolution
		SolutionGuid = {218C48A8-DB6D-4128-8A1A-7110DC93FF14}
	EndGlobalSection
EndGlobal
